
Microsoft Visual Studio Solution File, Format Version 12.00
# Visual Studio Version 17
VisualStudioVersion = 17.3.32825.248
MinimumVisualStudioVersion = 10.0.40219.1
Project("{FAE04EC0-301F-11D3-BF4B-00C04F79EFBC}") = "generic_list_patikadev", "generic_list_patikadev\generic_list_patikadev.csproj", "{86356395-9EE6-47DF-BFCC-96D7AB948315}"
EndProject
Global
	GlobalSection(SolutionConfigurationPlatforms) = preSolution
		Debug|Any CPU = Debug|Any CPU
		Release|Any CPU = Release|Any CPU
	EndGlobalSection
	GlobalSection(ProjectConfigurationPlatforms) = postSolution
		{86356395-9EE6-47DF-BFCC-96D7AB948315}.Debug|Any CPU.ActiveCfg = Debug|Any CPU
		{86356395-9EE6-47DF-BFCC-96D7AB948315}.Debug|Any CPU.Build.0 = Debug|Any CPU
		{86356395-9EE6-47DF-BFCC-96D7AB948315}.Release|Any CPU.ActiveCfg = Release|Any CPU
		{86356395-9EE6-47DF-BFCC-96D7AB948315}.Release|Any CPU.Build.0 = Release|Any CPU
	EndGlobalSection
	GlobalSection(SolutionProperties) = preSolution
		HideSolutionNode = FALSE
	EndGlobalSection
	GlobalSection(ExtensibilityGlobals) = postSolution
		SolutionGuid = {D8B6D46F-2B9C-4732-AF86-F50BAAF44858}
	EndGlobalSection
EndGlobal
